
Microsoft Visual Studio Solution File, Format Version 12.00
# Visual Studio Version 17
VisualStudioVersion = 17.0.31903.59
MinimumVisualStudioVersion = 10.0.40219.1
Project("{FAE04EC0-301F-11D3-BF4B-00C04F79EFBC}") = "DepotDownloader", "DepotDownloader\DepotDownloader\DepotDownloader.csproj", "{BAFE4C8D-28D4-494D-909A-FFEEFD4B9A28}"
EndProject
Project("{FAE04EC0-301F-11D3-BF4B-00C04F79EFBC}") = "Tomat.TerrariaDiffer", "Tomat.TerrariaDiffer\Tomat.TerrariaDiffer.csproj", "{9BDF5FBE-14C7-4044-B5A3-41F800534C8D}"
EndProject
Project("{FAE04EC0-301F-11D3-BF4B-00C04F79EFBC}") = "DotnetPatcher", "DotnetPatcher\DotnetPatcher\DotnetPatcher.csproj", "{513461B8-EF49-441C-AD8C-73F3EF819F0C}"
EndProject
Project("{FAE04EC0-301F-11D3-BF4B-00C04F79EFBC}") = "DiffPatch", "DotnetPatcher\DiffPatch\DiffPatch.csproj", "{42945D84-1448-4642-82B7-5066FE4092C9}"
EndProject
Project("{FAE04EC0-301F-11D3-BF4B-00C04F79EFBC}") = "Tomat.TerrariaModernizer", "Tomat.TerrariaModernizer\Tomat.TerrariaModernizer.csproj", "{C5EA347A-DFB8-4B60-BFCF-17FD13368715}"
EndProject
Project("{FAE04EC0-301F-11D3-BF4B-00C04F79EFBC}") = "FNA", "FNA\FNA.csproj", "{F05569DF-27D3-44E0-9EC8-17E1F8D3FAFF}"
EndProject
Project("{FAE04EC0-301F-11D3-BF4B-00C04F79EFBC}") = "Tomat.TerrariaModernizer.Polyfills", "Tomat.TerrariaModernizer.Polyfills\Tomat.TerrariaModernizer.Polyfills.csproj", "{A58B84E4-3503-4C87-B22F-83D03EB2DA6F}"
EndProject
Project("{FAE04EC0-301F-11D3-BF4B-00C04F79EFBC}") = "Tomat.TerrariaModernizer.ReLogic", "Tomat.TerrariaModernizer.ReLogic\Tomat.TerrariaModernizer.ReLogic.csproj", "{06A269E2-FFF1-4CB5-AE3B-04E0857A9B56}"
EndProject
Project("{FAE04EC0-301F-11D3-BF4B-00C04F79EFBC}") = "Tomat.TerrariaModernizer.Terraria", "Tomat.TerrariaModernizer.Terraria\Tomat.TerrariaModernizer.Terraria.csproj", "{04FD66A3-3850-4637-B90B-15FCF24AB93F}"
EndProject
Global
	GlobalSection(SolutionConfigurationPlatforms) = preSolution
		Debug|Any CPU = Debug|Any CPU
		Release|Any CPU = Release|Any CPU
	EndGlobalSection
	GlobalSection(SolutionProperties) = preSolution
		HideSolutionNode = FALSE
	EndGlobalSection
	GlobalSection(ProjectConfigurationPlatforms) = postSolution
		{BAFE4C8D-28D4-494D-909A-FFEEFD4B9A28}.Debug|Any CPU.ActiveCfg = Debug|Any CPU
		{BAFE4C8D-28D4-494D-909A-FFEEFD4B9A28}.Debug|Any CPU.Build.0 = Debug|Any CPU
		{BAFE4C8D-28D4-494D-909A-FFEEFD4B9A28}.Release|Any CPU.ActiveCfg = Release|Any CPU
		{BAFE4C8D-28D4-494D-909A-FFEEFD4B9A28}.Release|Any CPU.Build.0 = Release|Any CPU
		{9BDF5FBE-14C7-4044-B5A3-41F800534C8D}.Debug|Any CPU.ActiveCfg = Debug|Any CPU
		{9BDF5FBE-14C7-4044-B5A3-41F800534C8D}.Debug|Any CPU.Build.0 = Debug|Any CPU
		{9BDF5FBE-14C7-4044-B5A3-41F800534C8D}.Release|Any CPU.ActiveCfg = Release|Any CPU
		{9BDF5FBE-14C7-4044-B5A3-41F800534C8D}.Release|Any CPU.Build.0 = Release|Any CPU
		{513461B8-EF49-441C-AD8C-73F3EF819F0C}.Debug|Any CPU.ActiveCfg = Debug|Any CPU
		{513461B8-EF49-441C-AD8C-73F3EF819F0C}.Debug|Any CPU.Build.0 = Debug|Any CPU
		{513461B8-EF49-441C-AD8C-73F3EF819F0C}.Release|Any CPU.ActiveCfg = Release|Any CPU
		{513461B8-EF49-441C-AD8C-73F3EF819F0C}.Release|Any CPU.Build.0 = Release|Any CPU
		{42945D84-1448-4642-82B7-5066FE4092C9}.Debug|Any CPU.ActiveCfg = Debug|Any CPU
		{42945D84-1448-4642-82B7-5066FE4092C9}.Debug|Any CPU.Build.0 = Debug|Any CPU
		{42945D84-1448-4642-82B7-5066FE4092C9}.Release|Any CPU.ActiveCfg = Release|Any CPU
		{42945D84-1448-4642-82B7-5066FE4092C9}.Release|Any CPU.Build.0 = Release|Any CPU
		{C5EA347A-DFB8-4B60-BFCF-17FD13368715}.Debug|Any CPU.ActiveCfg = Debug|Any CPU
		{C5EA347A-DFB8-4B60-BFCF-17FD13368715}.Debug|Any CPU.Build.0 = Debug|Any CPU
		{C5EA347A-DFB8-4B60-BFCF-17FD13368715}.Release|Any CPU.ActiveCfg = Release|Any CPU
		{C5EA347A-DFB8-4B60-BFCF-17FD13368715}.Release|Any CPU.Build.0 = Release|Any CPU
		{F05569DF-27D3-44E0-9EC8-17E1F8D3FAFF}.Debug|Any CPU.ActiveCfg = Debug|Any CPU
		{F05569DF-27D3-44E0-9EC8-17E1F8D3FAFF}.Debug|Any CPU.Build.0 = Debug|Any CPU
		{F05569DF-27D3-44E0-9EC8-17E1F8D3FAFF}.Release|Any CPU.ActiveCfg = Release|Any CPU
		{F05569DF-27D3-44E0-9EC8-17E1F8D3FAFF}.Release|Any CPU.Build.0 = Release|Any CPU
		{A58B84E4-3503-4C87-B22F-83D03EB2DA6F}.Debug|Any CPU.ActiveCfg = Debug|Any CPU
		{A58B84E4-3503-4C87-B22F-83D03EB2DA6F}.Debug|Any CPU.Build.0 = Debug|Any CPU
		{A58B84E4-3503-4C87-B22F-83D03EB2DA6F}.Release|Any CPU.ActiveCfg = Release|Any CPU
		{A58B84E4-3503-4C87-B22F-83D03EB2DA6F}.Release|Any CPU.Build.0 = Release|Any CPU
		{06A269E2-FFF1-4CB5-AE3B-04E0857A9B56}.Debug|Any CPU.ActiveCfg = Debug|Any CPU
		{06A269E2-FFF1-4CB5-AE3B-04E0857A9B56}.Debug|Any CPU.Build.0 = Debug|Any CPU
		{06A269E2-FFF1-4CB5-AE3B-04E0857A9B56}.Release|Any CPU.ActiveCfg = Release|Any CPU
		{06A269E2-FFF1-4CB5-AE3B-04E0857A9B56}.Release|Any CPU.Build.0 = Release|Any CPU
		{04FD66A3-3850-4637-B90B-15FCF24AB93F}.Debug|Any CPU.ActiveCfg = Debug|Any CPU
		{04FD66A3-3850-4637-B90B-15FCF24AB93F}.Debug|Any CPU.Build.0 = Debug|Any CPU
		{04FD66A3-3850-4637-B90B-15FCF24AB93F}.Release|Any CPU.ActiveCfg = Release|Any CPU
		{04FD66A3-3850-4637-B90B-15FCF24AB93F}.Release|Any CPU.Build.0 = Release|Any CPU
	EndGlobalSection
EndGlobal
