
Microsoft Visual Studio Solution File, Format Version 12.00
# Visual Studio Version 17
VisualStudioVersion = 17.0.31903.59
MinimumVisualStudioVersion = 10.0.40219.1
Project("{FAE04EC0-301F-11D3-BF4B-00C04F79EFBC}") = "Terraprisma.Patcher", "Terraprisma.Patcher\Terraprisma.Patcher.csproj", "{6AA9722B-6A21-4C3E-9B91-7648331EEC8C}"
EndProject
Project("{FAE04EC0-301F-11D3-BF4B-00C04F79EFBC}") = "Terraprisma.Launcher", "Terraprisma.Launcher\Terraprisma.Launcher.csproj", "{5B27A8C7-D090-43F9-AF6D-8A7FD71366BC}"
EndProject
Project("{FAE04EC0-301F-11D3-BF4B-00C04F79EFBC}") = "Terraprisma.Patches.NetCore", "Terraprisma.Patches.NetCore\Terraprisma.Patches.NetCore.csproj", "{0E699EAB-CFF9-4909-9A2E-F384DC57F498}"
EndProject
Global
	GlobalSection(SolutionConfigurationPlatforms) = preSolution
		Debug|Any CPU = Debug|Any CPU
		Release|Any CPU = Release|Any CPU
	EndGlobalSection
	GlobalSection(SolutionProperties) = preSolution
		HideSolutionNode = FALSE
	EndGlobalSection
	GlobalSection(ProjectConfigurationPlatforms) = postSolution
		{6AA9722B-6A21-4C3E-9B91-7648331EEC8C}.Debug|Any CPU.ActiveCfg = Debug|Any CPU
		{6AA9722B-6A21-4C3E-9B91-7648331EEC8C}.Debug|Any CPU.Build.0 = Debug|Any CPU
		{6AA9722B-6A21-4C3E-9B91-7648331EEC8C}.Release|Any CPU.ActiveCfg = Release|Any CPU
		{6AA9722B-6A21-4C3E-9B91-7648331EEC8C}.Release|Any CPU.Build.0 = Release|Any CPU
		{5B27A8C7-D090-43F9-AF6D-8A7FD71366BC}.Debug|Any CPU.ActiveCfg = Debug|Any CPU
		{5B27A8C7-D090-43F9-AF6D-8A7FD71366BC}.Debug|Any CPU.Build.0 = Debug|Any CPU
		{5B27A8C7-D090-43F9-AF6D-8A7FD71366BC}.Release|Any CPU.ActiveCfg = Release|Any CPU
		{5B27A8C7-D090-43F9-AF6D-8A7FD71366BC}.Release|Any CPU.Build.0 = Release|Any CPU
		{0E699EAB-CFF9-4909-9A2E-F384DC57F498}.Debug|Any CPU.ActiveCfg = Debug|Any CPU
		{0E699EAB-CFF9-4909-9A2E-F384DC57F498}.Debug|Any CPU.Build.0 = Debug|Any CPU
		{0E699EAB-CFF9-4909-9A2E-F384DC57F498}.Release|Any CPU.ActiveCfg = Release|Any CPU
		{0E699EAB-CFF9-4909-9A2E-F384DC57F498}.Release|Any CPU.Build.0 = Release|Any CPU
	EndGlobalSection
EndGlobal
